
Microsoft Visual Studio Solution File, Format Version 12.00
# Visual Studio 15
VisualStudioVersion = 15.0.28307.1778
MinimumVisualStudioVersion = 10.0.40219.1
Project("{FAE04EC0-301F-11D3-BF4B-00C04F79EFBC}") = "WpfLoginScreen", "WpfLoginScreen\WpfLoginScreen.csproj", "{E853B87F-A3F5-4DB0-A110-797117D96B93}"
EndProject
Global
	GlobalSection(SolutionConfigurationPlatforms) = preSolution
		Debug|Any CPU = Debug|Any CPU
		Release|Any CPU = Release|Any CPU
	EndGlobalSection
	GlobalSection(ProjectConfigurationPlatforms) = postSolution
		{E853B87F-A3F5-4DB0-A110-797117D96B93}.Debug|Any CPU.ActiveCfg = Debug|Any CPU
		{E853B87F-A3F5-4DB0-A110-797117D96B93}.Debug|Any CPU.Build.0 = Debug|Any CPU
		{E853B87F-A3F5-4DB0-A110-797117D96B93}.Release|Any CPU.ActiveCfg = Release|Any CPU
		{E853B87F-A3F5-4DB0-A110-797117D96B93}.Release|Any CPU.Build.0 = Release|Any CPU
	EndGlobalSection
	GlobalSection(SolutionProperties) = preSolution
		HideSolutionNode = FALSE
	EndGlobalSection
	GlobalSection(ExtensibilityGlobals) = postSolution
		SolutionGuid = {3EDE392C-732C-4CDD-8E0C-82FE2107BC77}
	EndGlobalSection
EndGlobal
